
Microsoft Visual Studio Solution File, Format Version 12.00
Project("{2150E333-8FDC-42A3-9474-1A3956D46DE8}") = "src", "src", "{4C0A0828-901B-48D5-BCD9-1E2B55521BCC}"
EndProject
Project("{2150E333-8FDC-42A3-9474-1A3956D46DE8}") = "API", "API", "{B846A05E-4478-4C0A-97ED-53C6DB0751E9}"
EndProject
Project("{2150E333-8FDC-42A3-9474-1A3956D46DE8}") = "Core", "Core", "{AD897496-6ED9-4233-99CB-CDA978A5A4A7}"
EndProject
Project("{2150E333-8FDC-42A3-9474-1A3956D46DE8}") = "Infrastructure", "Infrastructure", "{4FBA2693-CC2C-45C0-AB73-967E8E011A8F}"
EndProject
Project("{2150E333-8FDC-42A3-9474-1A3956D46DE8}") = "UI", "UI", "{BC933DF3-4E34-47F4-B455-131CF85A589D}"
EndProject
Project("{2150E333-8FDC-42A3-9474-1A3956D46DE8}") = "test", "test", "{2F1F07AC-4FD7-4470-9564-527C5B378E70}"
EndProject
Project("{FAE04EC0-301F-11D3-BF4B-00C04F79EFBC}") = "GloboTicket.TicketManagement.Domain", "GloboTicket.TicketManagement.Domain\GloboTicket.TicketManagement.Domain.csproj", "{BF068199-FC78-42A4-A917-0A373761ACAB}"
EndProject
Project("{FAE04EC0-301F-11D3-BF4B-00C04F79EFBC}") = "GloboTicket.TicketManagement.Application", "GloboTicket.TicketManagement.Application\GloboTicket.TicketManagement.Application.csproj", "{7748C2CE-5BDD-466B-A9B7-BB7F7253390E}"
EndProject
Global
	GlobalSection(SolutionConfigurationPlatforms) = preSolution
		Debug|Any CPU = Debug|Any CPU
		Release|Any CPU = Release|Any CPU
	EndGlobalSection
	GlobalSection(NestedProjects) = preSolution
		{B846A05E-4478-4C0A-97ED-53C6DB0751E9} = {4C0A0828-901B-48D5-BCD9-1E2B55521BCC}
		{AD897496-6ED9-4233-99CB-CDA978A5A4A7} = {4C0A0828-901B-48D5-BCD9-1E2B55521BCC}
		{4FBA2693-CC2C-45C0-AB73-967E8E011A8F} = {4C0A0828-901B-48D5-BCD9-1E2B55521BCC}
		{BC933DF3-4E34-47F4-B455-131CF85A589D} = {4C0A0828-901B-48D5-BCD9-1E2B55521BCC}
		{BF068199-FC78-42A4-A917-0A373761ACAB} = {AD897496-6ED9-4233-99CB-CDA978A5A4A7}
		{7748C2CE-5BDD-466B-A9B7-BB7F7253390E} = {AD897496-6ED9-4233-99CB-CDA978A5A4A7}
	EndGlobalSection
	GlobalSection(ProjectConfigurationPlatforms) = postSolution
		{BF068199-FC78-42A4-A917-0A373761ACAB}.Debug|Any CPU.ActiveCfg = Debug|Any CPU
		{BF068199-FC78-42A4-A917-0A373761ACAB}.Debug|Any CPU.Build.0 = Debug|Any CPU
		{BF068199-FC78-42A4-A917-0A373761ACAB}.Release|Any CPU.ActiveCfg = Release|Any CPU
		{BF068199-FC78-42A4-A917-0A373761ACAB}.Release|Any CPU.Build.0 = Release|Any CPU
		{7748C2CE-5BDD-466B-A9B7-BB7F7253390E}.Debug|Any CPU.ActiveCfg = Debug|Any CPU
		{7748C2CE-5BDD-466B-A9B7-BB7F7253390E}.Debug|Any CPU.Build.0 = Debug|Any CPU
		{7748C2CE-5BDD-466B-A9B7-BB7F7253390E}.Release|Any CPU.ActiveCfg = Release|Any CPU
		{7748C2CE-5BDD-466B-A9B7-BB7F7253390E}.Release|Any CPU.Build.0 = Release|Any CPU
	EndGlobalSection
EndGlobal
